
Microsoft Visual Studio Solution File, Format Version 12.00
# Visual Studio Version 16
VisualStudioVersion = 16.0.30309.148
MinimumVisualStudioVersion = 10.0.40219.1
Project("{FAE04EC0-301F-11D3-BF4B-00C04F79EFBC}") = "PInvoke_GlobalLowLevelHooks", "PInvoke_GlobalLowLevelHooks\GlobalLowLevelHooks\PInvoke_GlobalLowLevelHooks.csproj", "{77EB5498-54DD-4DCA-AFF6-F9B2C6F97FE3}"
EndProject
Project("{FAE04EC0-301F-11D3-BF4B-00C04F79EFBC}") = "ZoneRenderer__Base", "ZoneRenderer\ZoneRenderer__Base.csproj", "{E296635F-6B93-4A88-A2FB-FBC57191E2D8}"
EndProject
Project("{FAE04EC0-301F-11D3-BF4B-00C04F79EFBC}") = "ZoneRenderer_GDI", "ZoneRenderer_GDI\ZoneRenderer_GDI.csproj", "{4C6F1E14-C8A8-4C04-9F16-1DEB169C82F2}"
EndProject
Project("{FAE04EC0-301F-11D3-BF4B-00C04F79EFBC}") = "PInvoke_MessagePump", "PInvoke_MessagePump\PInvoke_MessagePump.csproj", "{B5692908-D08F-46A7-9C0B-A962B15E6CE6}"
EndProject
Project("{FAE04EC0-301F-11D3-BF4B-00C04F79EFBC}") = "PInvoke_SystemTray", "PInvoke_SystemTray\PInvoke_SystemTray.csproj", "{285E0F73-9EAF-4A15-B955-33EC32B87D9D}"
EndProject
Project("{FAE04EC0-301F-11D3-BF4B-00C04F79EFBC}") = "PInvoke_GDIWindow", "PInvoke_GDIWindow\PInvoke_GDIWindow.csproj", "{AD96BA5C-004E-4BD7-B6DC-FBFE1B3C6972}"
EndProject
Project("{FAE04EC0-301F-11D3-BF4B-00C04F79EFBC}") = "DropZone_NoUI", "DropZone_NoUI\DropZone_NoUI.csproj", "{91F4B5A2-DC35-49F7-A408-47105C69064D}"
EndProject
Project("{FAE04EC0-301F-11D3-BF4B-00C04F79EFBC}") = "DropZone", "DropZone\DropZone.csproj", "{25D11F6F-6127-4FFB-8751-74D831244800}"
EndProject
Project("{FAE04EC0-301F-11D3-BF4B-00C04F79EFBC}") = "SingleInstanceDispatcher", "SingleInstanceDispatcher\SingleInstanceDispatcher.csproj", "{0A83876D-08AB-4B46-BBCA-FD4CE33F3E3E}"
EndProject
Global
	GlobalSection(SolutionConfigurationPlatforms) = preSolution
		Debug UI|Any CPU = Debug UI|Any CPU
		Debug|Any CPU = Debug|Any CPU
		Release|Any CPU = Release|Any CPU
	EndGlobalSection
	GlobalSection(ProjectConfigurationPlatforms) = postSolution
		{77EB5498-54DD-4DCA-AFF6-F9B2C6F97FE3}.Debug UI|Any CPU.ActiveCfg = Debug UI|Any CPU
		{77EB5498-54DD-4DCA-AFF6-F9B2C6F97FE3}.Debug UI|Any CPU.Build.0 = Debug UI|Any CPU
		{77EB5498-54DD-4DCA-AFF6-F9B2C6F97FE3}.Debug|Any CPU.ActiveCfg = Debug|Any CPU
		{77EB5498-54DD-4DCA-AFF6-F9B2C6F97FE3}.Debug|Any CPU.Build.0 = Debug|Any CPU
		{77EB5498-54DD-4DCA-AFF6-F9B2C6F97FE3}.Release|Any CPU.ActiveCfg = Release|Any CPU
		{77EB5498-54DD-4DCA-AFF6-F9B2C6F97FE3}.Release|Any CPU.Build.0 = Release|Any CPU
		{E296635F-6B93-4A88-A2FB-FBC57191E2D8}.Debug UI|Any CPU.ActiveCfg = Debug UI|Any CPU
		{E296635F-6B93-4A88-A2FB-FBC57191E2D8}.Debug UI|Any CPU.Build.0 = Debug UI|Any CPU
		{E296635F-6B93-4A88-A2FB-FBC57191E2D8}.Debug|Any CPU.ActiveCfg = Debug|Any CPU
		{E296635F-6B93-4A88-A2FB-FBC57191E2D8}.Debug|Any CPU.Build.0 = Debug|Any CPU
		{E296635F-6B93-4A88-A2FB-FBC57191E2D8}.Release|Any CPU.ActiveCfg = Release|Any CPU
		{E296635F-6B93-4A88-A2FB-FBC57191E2D8}.Release|Any CPU.Build.0 = Release|Any CPU
		{4C6F1E14-C8A8-4C04-9F16-1DEB169C82F2}.Debug UI|Any CPU.ActiveCfg = Debug UI|Any CPU
		{4C6F1E14-C8A8-4C04-9F16-1DEB169C82F2}.Debug UI|Any CPU.Build.0 = Debug UI|Any CPU
		{4C6F1E14-C8A8-4C04-9F16-1DEB169C82F2}.Debug|Any CPU.ActiveCfg = Debug|Any CPU
		{4C6F1E14-C8A8-4C04-9F16-1DEB169C82F2}.Debug|Any CPU.Build.0 = Debug|Any CPU
		{4C6F1E14-C8A8-4C04-9F16-1DEB169C82F2}.Release|Any CPU.ActiveCfg = Release|Any CPU
		{4C6F1E14-C8A8-4C04-9F16-1DEB169C82F2}.Release|Any CPU.Build.0 = Release|Any CPU
		{B5692908-D08F-46A7-9C0B-A962B15E6CE6}.Debug UI|Any CPU.ActiveCfg = Debug UI|Any CPU
		{B5692908-D08F-46A7-9C0B-A962B15E6CE6}.Debug UI|Any CPU.Build.0 = Debug UI|Any CPU
		{B5692908-D08F-46A7-9C0B-A962B15E6CE6}.Debug|Any CPU.ActiveCfg = Debug|Any CPU
		{B5692908-D08F-46A7-9C0B-A962B15E6CE6}.Debug|Any CPU.Build.0 = Debug|Any CPU
		{B5692908-D08F-46A7-9C0B-A962B15E6CE6}.Release|Any CPU.ActiveCfg = Release|Any CPU
		{B5692908-D08F-46A7-9C0B-A962B15E6CE6}.Release|Any CPU.Build.0 = Release|Any CPU
		{285E0F73-9EAF-4A15-B955-33EC32B87D9D}.Debug UI|Any CPU.ActiveCfg = Debug UI|Any CPU
		{285E0F73-9EAF-4A15-B955-33EC32B87D9D}.Debug UI|Any CPU.Build.0 = Debug UI|Any CPU
		{285E0F73-9EAF-4A15-B955-33EC32B87D9D}.Debug|Any CPU.ActiveCfg = Debug|Any CPU
		{285E0F73-9EAF-4A15-B955-33EC32B87D9D}.Debug|Any CPU.Build.0 = Debug|Any CPU
		{285E0F73-9EAF-4A15-B955-33EC32B87D9D}.Release|Any CPU.ActiveCfg = Release|Any CPU
		{285E0F73-9EAF-4A15-B955-33EC32B87D9D}.Release|Any CPU.Build.0 = Release|Any CPU
		{AD96BA5C-004E-4BD7-B6DC-FBFE1B3C6972}.Debug UI|Any CPU.ActiveCfg = Debug UI|Any CPU
		{AD96BA5C-004E-4BD7-B6DC-FBFE1B3C6972}.Debug UI|Any CPU.Build.0 = Debug UI|Any CPU
		{AD96BA5C-004E-4BD7-B6DC-FBFE1B3C6972}.Debug|Any CPU.ActiveCfg = Debug|Any CPU
		{AD96BA5C-004E-4BD7-B6DC-FBFE1B3C6972}.Debug|Any CPU.Build.0 = Debug|Any CPU
		{AD96BA5C-004E-4BD7-B6DC-FBFE1B3C6972}.Release|Any CPU.ActiveCfg = Release|Any CPU
		{AD96BA5C-004E-4BD7-B6DC-FBFE1B3C6972}.Release|Any CPU.Build.0 = Release|Any CPU
		{91F4B5A2-DC35-49F7-A408-47105C69064D}.Debug UI|Any CPU.ActiveCfg = Debug|Any CPU
		{91F4B5A2-DC35-49F7-A408-47105C69064D}.Debug|Any CPU.ActiveCfg = Debug|Any CPU
		{91F4B5A2-DC35-49F7-A408-47105C69064D}.Debug|Any CPU.Build.0 = Debug|Any CPU
		{91F4B5A2-DC35-49F7-A408-47105C69064D}.Release|Any CPU.ActiveCfg = Release|Any CPU
		{91F4B5A2-DC35-49F7-A408-47105C69064D}.Release|Any CPU.Build.0 = Release|Any CPU
		{25D11F6F-6127-4FFB-8751-74D831244800}.Debug UI|Any CPU.ActiveCfg = Debug UI|Any CPU
		{25D11F6F-6127-4FFB-8751-74D831244800}.Debug UI|Any CPU.Build.0 = Debug UI|Any CPU
		{25D11F6F-6127-4FFB-8751-74D831244800}.Debug|Any CPU.ActiveCfg = Debug|Any CPU
		{25D11F6F-6127-4FFB-8751-74D831244800}.Debug|Any CPU.Build.0 = Debug|Any CPU
		{25D11F6F-6127-4FFB-8751-74D831244800}.Release|Any CPU.ActiveCfg = Release|Any CPU
		{25D11F6F-6127-4FFB-8751-74D831244800}.Release|Any CPU.Build.0 = Release|Any CPU
		{0A83876D-08AB-4B46-BBCA-FD4CE33F3E3E}.Debug UI|Any CPU.ActiveCfg = Debug UI|Any CPU
		{0A83876D-08AB-4B46-BBCA-FD4CE33F3E3E}.Debug UI|Any CPU.Build.0 = Debug UI|Any CPU
		{0A83876D-08AB-4B46-BBCA-FD4CE33F3E3E}.Debug|Any CPU.ActiveCfg = Debug|Any CPU
		{0A83876D-08AB-4B46-BBCA-FD4CE33F3E3E}.Debug|Any CPU.Build.0 = Debug|Any CPU
		{0A83876D-08AB-4B46-BBCA-FD4CE33F3E3E}.Release|Any CPU.ActiveCfg = Release|Any CPU
		{0A83876D-08AB-4B46-BBCA-FD4CE33F3E3E}.Release|Any CPU.Build.0 = Release|Any CPU
	EndGlobalSection
	GlobalSection(SolutionProperties) = preSolution
		HideSolutionNode = FALSE
	EndGlobalSection
	GlobalSection(ExtensibilityGlobals) = postSolution
		SolutionGuid = {3B13EC9E-5CA8-414F-A60E-9E1377D1FABC}
	EndGlobalSection
EndGlobal
